// !$*UTF8*$!
{
	archiveVersion = 1;
	classes = {
	};
	objectVersion = 46;
	objects = {

/* Begin PBXBuildFile section */
		8968AD8519B62AFB0089F67D /* libSocialSina.a in Frameworks */ = {isa = PBXBuildFile; fileRef = 8968AD7019B62AFB0089F67D /* libSocialSina.a */; };
		8968AD8619B62AFB0089F67D /* libSocialQQ.a in Frameworks */ = {isa = PBXBuildFile; fileRef = 8968AD7319B62AFB0089F67D /* libSocialQQ.a */; };
		8968AD8719B62AFB0089F67D /* TencentOpenAPI.framework in Frameworks */ = {isa = PBXBuildFile; fileRef = 8968AD7419B62AFB0089F67D /* TencentOpenAPI.framework */; };
		8968AD8819B62AFB0089F67D /* TencentOpenApi_IOS_Bundle.bundle in Resources */ = {isa = PBXBuildFile; fileRef = 8968AD7519B62AFB0089F67D /* TencentOpenApi_IOS_Bundle.bundle */; };
		8968AD8919B62AFB0089F67D /* ios-social-sdk-shake.html in Resources */ = {isa = PBXBuildFile; fileRef = 8968AD7819B62AFB0089F67D /* ios-social-sdk-shake.html */; };
		8968AD8A19B62AFB0089F67D /* libUMSocial_Sdk_ScreenShot_1.0.a in Frameworks */ = {isa = PBXBuildFile; fileRef = 8968AD7919B62AFB0089F67D /* libUMSocial_Sdk_ScreenShot_1.0.a */; };
		8968AD8B19B62AFB0089F67D /* ios-social-sdk-shake.html in Resources */ = {isa = PBXBuildFile; fileRef = 8968AD7C19B62AFB0089F67D /* ios-social-sdk-shake.html */; };
		8968AD8C19B62AFB0089F67D /* libUMSocial_Sdk_Shake_1.0.a in Frameworks */ = {isa = PBXBuildFile; fileRef = 8968AD7D19B62AFB0089F67D /* libUMSocial_Sdk_Shake_1.0.a */; };
		8968AD8D19B62AFB0089F67D /* libSocialWechat.a in Frameworks */ = {isa = PBXBuildFile; fileRef = 8968AD8019B62AFB0089F67D /* libSocialWechat.a */; };
		8968AD8E19B62AFB0089F67D /* libWeChatSDK.a in Frameworks */ = {isa = PBXBuildFile; fileRef = 8968AD8119B62AFB0089F67D /* libWeChatSDK.a */; };
		8968AD9319B62E870089F67D /* libMobClickLibrary.a in Frameworks */ = {isa = PBXBuildFile; fileRef = 8968AD9019B62E870089F67D /* libMobClickLibrary.a */; };
		8968AD9519B62FFA0089F67D /* libsqlite3.dylib in Frameworks */ = {isa = PBXBuildFile; fileRef = 8968AD9419B62FFA0089F67D /* libsqlite3.dylib */; };
		89CA109619AF851900E00AA5 /* Foundation.framework in Frameworks */ = {isa = PBXBuildFile; fileRef = 89CA109519AF851900E00AA5 /* Foundation.framework */; };
		89CA109819AF851900E00AA5 /* CoreGraphics.framework in Frameworks */ = {isa = PBXBuildFile; fileRef = 89CA109719AF851900E00AA5 /* CoreGraphics.framework */; };
		89CA109A19AF851900E00AA5 /* UIKit.framework in Frameworks */ = {isa = PBXBuildFile; fileRef = 89CA109919AF851900E00AA5 /* UIKit.framework */; };
		89CA10A019AF851900E00AA5 /* InfoPlist.strings in Resources */ = {isa = PBXBuildFile; fileRef = 89CA109E19AF851900E00AA5 /* InfoPlist.strings */; };
		89CA10A219AF851900E00AA5 /* main.m in Sources */ = {isa = PBXBuildFile; fileRef = 89CA10A119AF851900E00AA5 /* main.m */; };
		89CA10A619AF851900E00AA5 /* G4AppDelegate.m in Sources */ = {isa = PBXBuildFile; fileRef = 89CA10A519AF851900E00AA5 /* G4AppDelegate.m */; };
		89CA10A919AF851900E00AA5 /* Login.storyboard in Resources */ = {isa = PBXBuildFile; fileRef = 89CA10A719AF851900E00AA5 /* Login.storyboard */; };
		89CA10AC19AF851900E00AA5 /* G4ViewController.m in Sources */ = {isa = PBXBuildFile; fileRef = 89CA10AB19AF851900E00AA5 /* G4ViewController.m */; };
		89CA10AE19AF851900E00AA5 /* Images.xcassets in Resources */ = {isa = PBXBuildFile; fileRef = 89CA10AD19AF851900E00AA5 /* Images.xcassets */; };
		89CA10B519AF851900E00AA5 /* XCTest.framework in Frameworks */ = {isa = PBXBuildFile; fileRef = 89CA10B419AF851900E00AA5 /* XCTest.framework */; };
		89CA10B619AF851900E00AA5 /* Foundation.framework in Frameworks */ = {isa = PBXBuildFile; fileRef = 89CA109519AF851900E00AA5 /* Foundation.framework */; };
		89CA10B719AF851900E00AA5 /* UIKit.framework in Frameworks */ = {isa = PBXBuildFile; fileRef = 89CA109919AF851900E00AA5 /* UIKit.framework */; };
		89CA10BF19AF851900E00AA5 /* InfoPlist.strings in Resources */ = {isa = PBXBuildFile; fileRef = 89CA10BD19AF851900E00AA5 /* InfoPlist.strings */; };
		89CA10C119AF851900E00AA5 /* simpleChatTests.m in Sources */ = {isa = PBXBuildFile; fileRef = 89CA10C019AF851900E00AA5 /* simpleChatTests.m */; };
		89CA112719AF861500E00AA5 /* libEaseMobClientSDKLite.a in Frameworks */ = {isa = PBXBuildFile; fileRef = 89CA112419AF861500E00AA5 /* libEaseMobClientSDKLite.a */; };
		89CA112819AF861500E00AA5 /* EaseMob.bundle in Resources */ = {isa = PBXBuildFile; fileRef = 89CA112619AF861500E00AA5 /* EaseMob.bundle */; };
		89CA112A19AF862900E00AA5 /* libresolv.dylib in Frameworks */ = {isa = PBXBuildFile; fileRef = 89CA112919AF862900E00AA5 /* libresolv.dylib */; };
		89CA112C19AF863000E00AA5 /* libxml2.dylib in Frameworks */ = {isa = PBXBuildFile; fileRef = 89CA112B19AF863000E00AA5 /* libxml2.dylib */; };
		89CA112E19AF864300E00AA5 /* libz.dylib in Frameworks */ = {isa = PBXBuildFile; fileRef = 89CA112D19AF864300E00AA5 /* libz.dylib */; };
		89CA113019AF864A00E00AA5 /* libstdc++.dylib in Frameworks */ = {isa = PBXBuildFile; fileRef = 89CA112F19AF864A00E00AA5 /* libstdc++.dylib */; };
		89CA113219AF866600E00AA5 /* libiconv.dylib in Frameworks */ = {isa = PBXBuildFile; fileRef = 89CA113119AF866600E00AA5 /* libiconv.dylib */; };
		89CA113419AF866D00E00AA5 /* CoreData.framework in Frameworks */ = {isa = PBXBuildFile; fileRef = 89CA113319AF866D00E00AA5 /* CoreData.framework */; };
		89CA113619AF867C00E00AA5 /* CFNetwork.framework in Frameworks */ = {isa = PBXBuildFile; fileRef = 89CA113519AF867C00E00AA5 /* CFNetwork.framework */; };
		89FBF93F19B3641E00B78082 /* UMSocialLocalizable.strings in Resources */ = {isa = PBXBuildFile; fileRef = 89FBF92419B3641E00B78082 /* UMSocialLocalizable.strings */; };
		89FBF94019B3641E00B78082 /* libUMSocial_Sdk_4.1.a in Frameworks */ = {isa = PBXBuildFile; fileRef = 89FBF93219B3641E00B78082 /* libUMSocial_Sdk_4.1.a */; };
		89FBF94119B3641E00B78082 /* libUMSocial_Sdk_Comment_4.1.a in Frameworks */ = {isa = PBXBuildFile; fileRef = 89FBF93319B3641E00B78082 /* libUMSocial_Sdk_Comment_4.1.a */; };
		89FBF94219B3641E00B78082 /* UMSCommentDetailController.xib in Resources */ = {isa = PBXBuildFile; fileRef = 89FBF93519B3641E00B78082 /* UMSCommentDetailController.xib */; };
		89FBF94319B3641E00B78082 /* UMSCommentInputController.xib in Resources */ = {isa = PBXBuildFile; fileRef = 89FBF93619B3641E00B78082 /* UMSCommentInputController.xib */; };
		89FBF94419B3641E00B78082 /* UMSCommentInputControlleriPad.xib in Resources */ = {isa = PBXBuildFile; fileRef = 89FBF93719B3641E00B78082 /* UMSCommentInputControlleriPad.xib */; };
		89FBF94519B3641E00B78082 /* UMShareEditViewController.xib in Resources */ = {isa = PBXBuildFile; fileRef = 89FBF93819B3641E00B78082 /* UMShareEditViewController.xib */; };
		89FBF94619B3641E00B78082 /* UMShareEditViewControlleriPad.xib in Resources */ = {isa = PBXBuildFile; fileRef = 89FBF93919B3641E00B78082 /* UMShareEditViewControlleriPad.xib */; };
		89FBF94719B3641E00B78082 /* UMSLoginViewController.xib in Resources */ = {isa = PBXBuildFile; fileRef = 89FBF93A19B3641E00B78082 /* UMSLoginViewController.xib */; };
		89FBF94819B3641E00B78082 /* UMSnsAccountViewController.xib in Resources */ = {isa = PBXBuildFile; fileRef = 89FBF93B19B3641E00B78082 /* UMSnsAccountViewController.xib */; };
		89FBF94919B3641E00B78082 /* UMSShareListController.xib in Resources */ = {isa = PBXBuildFile; fileRef = 89FBF93C19B3641E00B78082 /* UMSShareListController.xib */; };
		89FBF94A19B3641E00B78082 /* UMSocialSDKResourcesNew.bundle in Resources */ = {isa = PBXBuildFile; fileRef = 89FBF93D19B3641E00B78082 /* UMSocialSDKResourcesNew.bundle */; };
		89FDCAF619AF87B700BFC92C /* MobileCoreServices.framework in Frameworks */ = {isa = PBXBuildFile; fileRef = 89FDCAF519AF87B700BFC92C /* MobileCoreServices.framework */; };
/* End PBXBuildFile section */

/* Begin PBXContainerItemProxy section */
		89CA10B819AF851900E00AA5 /* PBXContainerItemProxy */ = {
			isa = PBXContainerItemProxy;
			containerPortal = 89CA108A19AF851900E00AA5 /* Project object */;
			proxyType = 1;
			remoteGlobalIDString = 89CA109119AF851900E00AA5;
			remoteInfo = simpleChat;
		};
/* End PBXContainerItemProxy section */

/* Begin PBXFileReference section */
		8968AD7019B62AFB0089F67D /* libSocialSina.a */ = {isa = PBXFileReference; lastKnownFileType = archive.ar; path = libSocialSina.a; sourceTree = "<group>"; };
		8968AD7119B62AFB0089F67D /* UMSocialSinaHandler.h */ = {isa = PBXFileReference; fileEncoding = 4; lastKnownFileType = sourcecode.c.h; path = UMSocialSinaHandler.h; sourceTree = "<group>"; };
		8968AD7319B62AFB0089F67D /* libSocialQQ.a */ = {isa = PBXFileReference; lastKnownFileType = archive.ar; path = libSocialQQ.a; sourceTree = "<group>"; };
		8968AD7419B62AFB0089F67D /* TencentOpenAPI.framework */ = {isa = PBXFileReference; lastKnownFileType = wrapper.framework; path = TencentOpenAPI.framework; sourceTree = "<group>"; };
		8968AD7519B62AFB0089F67D /* TencentOpenApi_IOS_Bundle.bundle */ = {isa = PBXFileReference; lastKnownFileType = "wrapper.plug-in"; path = TencentOpenApi_IOS_Bundle.bundle; sourceTree = "<group>"; };
		8968AD7619B62AFB0089F67D /* UMSocialQQHandler.h */ = {isa = PBXFileReference; fileEncoding = 4; lastKnownFileType = sourcecode.c.h; path = UMSocialQQHandler.h; sourceTree = "<group>"; };
		8968AD7819B62AFB0089F67D /* ios-social-sdk-shake.html */ = {isa = PBXFileReference; fileEncoding = 4; lastKnownFileType = text.html; path = "ios-social-sdk-shake.html"; sourceTree = "<group>"; };
		8968AD7919B62AFB0089F67D /* libUMSocial_Sdk_ScreenShot_1.0.a */ = {isa = PBXFileReference; lastKnownFileType = archive.ar; path = libUMSocial_Sdk_ScreenShot_1.0.a; sourceTree = "<group>"; };
		8968AD7A19B62AFB0089F67D /* UMSocialScreenShoter.h */ = {isa = PBXFileReference; fileEncoding = 4; lastKnownFileType = sourcecode.c.h; path = UMSocialScreenShoter.h; sourceTree = "<group>"; };
		8968AD7C19B62AFB0089F67D /* ios-social-sdk-shake.html */ = {isa = PBXFileReference; fileEncoding = 4; lastKnownFileType = text.html; path = "ios-social-sdk-shake.html"; sourceTree = "<group>"; };
		8968AD7D19B62AFB0089F67D /* libUMSocial_Sdk_Shake_1.0.a */ = {isa = PBXFileReference; lastKnownFileType = archive.ar; path = libUMSocial_Sdk_Shake_1.0.a; sourceTree = "<group>"; };
		8968AD7E19B62AFB0089F67D /* UMSocialShakeService.h */ = {isa = PBXFileReference; fileEncoding = 4; lastKnownFileType = sourcecode.c.h; path = UMSocialShakeService.h; sourceTree = "<group>"; };
		8968AD8019B62AFB0089F67D /* libSocialWechat.a */ = {isa = PBXFileReference; lastKnownFileType = archive.ar; path = libSocialWechat.a; sourceTree = "<group>"; };
		8968AD8119B62AFB0089F67D /* libWeChatSDK.a */ = {isa = PBXFileReference; lastKnownFileType = archive.ar; path = libWeChatSDK.a; sourceTree = "<group>"; };
		8968AD8219B62AFB0089F67D /* UMSocialWechatHandler.h */ = {isa = PBXFileReference; fileEncoding = 4; lastKnownFileType = sourcecode.c.h; path = UMSocialWechatHandler.h; sourceTree = "<group>"; };
		8968AD8319B62AFB0089F67D /* WXApi.h */ = {isa = PBXFileReference; fileEncoding = 4; lastKnownFileType = sourcecode.c.h; path = WXApi.h; sourceTree = "<group>"; };
		8968AD8419B62AFB0089F67D /* WXApiObject.h */ = {isa = PBXFileReference; fileEncoding = 4; lastKnownFileType = sourcecode.c.h; path = WXApiObject.h; sourceTree = "<group>"; };
		8968AD9019B62E870089F67D /* libMobClickLibrary.a */ = {isa = PBXFileReference; lastKnownFileType = archive.ar; path = libMobClickLibrary.a; sourceTree = "<group>"; };
		8968AD9119B62E870089F67D /* MobClick.h */ = {isa = PBXFileReference; fileEncoding = 4; lastKnownFileType = sourcecode.c.h; path = MobClick.h; sourceTree = "<group>"; };
		8968AD9219B62E870089F67D /* MobClickSocialAnalytics.h */ = {isa = PBXFileReference; fileEncoding = 4; lastKnownFileType = sourcecode.c.h; path = MobClickSocialAnalytics.h; sourceTree = "<group>"; };
		8968AD9419B62FFA0089F67D /* libsqlite3.dylib */ = {isa = PBXFileReference; lastKnownFileType = "compiled.mach-o.dylib"; name = libsqlite3.dylib; path = usr/lib/libsqlite3.dylib; sourceTree = SDKROOT; };
		89CA109219AF851900E00AA5 /* simpleChat.app */ = {isa = PBXFileReference; explicitFileType = wrapper.application; includeInIndex = 0; path = simpleChat.app; sourceTree = BUILT_PRODUCTS_DIR; };
		89CA109519AF851900E00AA5 /* Foundation.framework */ = {isa = PBXFileReference; lastKnownFileType = wrapper.framework; name = Foundation.framework; path = System/Library/Frameworks/Foundation.framework; sourceTree = SDKROOT; };
		89CA109719AF851900E00AA5 /* CoreGraphics.framework */ = {isa = PBXFileReference; lastKnownFileType = wrapper.framework; name = CoreGraphics.framework; path = System/Library/Frameworks/CoreGraphics.framework; sourceTree = SDKROOT; };
		89CA109919AF851900E00AA5 /* UIKit.framework */ = {isa = PBXFileReference; lastKnownFileType = wrapper.framework; name = UIKit.framework; path = System/Library/Frameworks/UIKit.framework; sourceTree = SDKROOT; };
		89CA109D19AF851900E00AA5 /* simpleChat-Info.plist */ = {isa = PBXFileReference; lastKnownFileType = text.plist.xml; path = "simpleChat-Info.plist"; sourceTree = "<group>"; };
		89CA109F19AF851900E00AA5 /* en */ = {isa = PBXFileReference; lastKnownFileType = text.plist.strings; name = en; path = en.lproj/InfoPlist.strings; sourceTree = "<group>"; };
		89CA10A119AF851900E00AA5 /* main.m */ = {isa = PBXFileReference; lastKnownFileType = sourcecode.c.objc; path = main.m; sourceTree = "<group>"; };
		89CA10A319AF851900E00AA5 /* simpleChat-Prefix.pch */ = {isa = PBXFileReference; lastKnownFileType = sourcecode.c.h; path = "simpleChat-Prefix.pch"; sourceTree = "<group>"; };
		89CA10A419AF851900E00AA5 /* G4AppDelegate.h */ = {isa = PBXFileReference; lastKnownFileType = sourcecode.c.h; path = G4AppDelegate.h; sourceTree = "<group>"; };
		89CA10A519AF851900E00AA5 /* G4AppDelegate.m */ = {isa = PBXFileReference; lastKnownFileType = sourcecode.c.objc; path = G4AppDelegate.m; sourceTree = "<group>"; };
		89CA10A819AF851900E00AA5 /* Base */ = {isa = PBXFileReference; lastKnownFileType = file.storyboard; name = Base; path = Base.lproj/Login.storyboard; sourceTree = "<group>"; };
		89CA10AA19AF851900E00AA5 /* G4ViewController.h */ = {isa = PBXFileReference; lastKnownFileType = sourcecode.c.h; path = G4ViewController.h; sourceTree = "<group>"; };
		89CA10AB19AF851900E00AA5 /* G4ViewController.m */ = {isa = PBXFileReference; lastKnownFileType = sourcecode.c.objc; path = G4ViewController.m; sourceTree = "<group>"; };
		89CA10AD19AF851900E00AA5 /* Images.xcassets */ = {isa = PBXFileReference; lastKnownFileType = folder.assetcatalog; path = Images.xcassets; sourceTree = "<group>"; };
		89CA10B319AF851900E00AA5 /* simpleChatTests.xctest */ = {isa = PBXFileReference; explicitFileType = wrapper.cfbundle; includeInIndex = 0; path = simpleChatTests.xctest; sourceTree = BUILT_PRODUCTS_DIR; };
		89CA10B419AF851900E00AA5 /* XCTest.framework */ = {isa = PBXFileReference; lastKnownFileType = wrapper.framework; name = XCTest.framework; path = Library/Frameworks/XCTest.framework; sourceTree = DEVELOPER_DIR; };
		89CA10BC19AF851900E00AA5 /* simpleChatTests-Info.plist */ = {isa = PBXFileReference; lastKnownFileType = text.plist.xml; path = "simpleChatTests-Info.plist"; sourceTree = "<group>"; };
		89CA10BE19AF851900E00AA5 /* en */ = {isa = PBXFileReference; lastKnownFileType = text.plist.strings; name = en; path = en.lproj/InfoPlist.strings; sourceTree = "<group>"; };
		89CA10C019AF851900E00AA5 /* simpleChatTests.m */ = {isa = PBXFileReference; lastKnownFileType = sourcecode.c.objc; path = simpleChatTests.m; sourceTree = "<group>"; };
		89CA10CF19AF861500E00AA5 /* IChatManagerDelegate.h */ = {isa = PBXFileReference; fileEncoding = 4; lastKnownFileType = sourcecode.c.h; path = IChatManagerDelegate.h; sourceTree = "<group>"; };
		89CA10D119AF861500E00AA5 /* EMChatManagerBuddyDelegate.h */ = {isa = PBXFileReference; fileEncoding = 4; lastKnownFileType = sourcecode.c.h; path = EMChatManagerBuddyDelegate.h; sourceTree = "<group>"; };
		89CA10D219AF861500E00AA5 /* EMChatManagerChatDelegate.h */ = {isa = PBXFileReference; fileEncoding = 4; lastKnownFileType = sourcecode.c.h; path = EMChatManagerChatDelegate.h; sourceTree = "<group>"; };
		89CA10D319AF861500E00AA5 /* EMChatManagerDelegate.h */ = {isa = PBXFileReference; fileEncoding = 4; lastKnownFileType = sourcecode.c.h; path = EMChatManagerDelegate.h; sourceTree = "<group>"; };
		89CA10D419AF861500E00AA5 /* EMChatManagerDelegateBase.h */ = {isa = PBXFileReference; fileEncoding = 4; lastKnownFileType = sourcecode.c.h; path = EMChatManagerDelegateBase.h; sourceTree = "<group>"; };
		89CA10D519AF861500E00AA5 /* EMChatManagerEncryptionDelegate.h */ = {isa = PBXFileReference; fileEncoding = 4; lastKnownFileType = sourcecode.c.h; path = EMChatManagerEncryptionDelegate.h; sourceTree = "<group>"; };
		89CA10D619AF861500E00AA5 /* EMChatManagerGroupDelegate.h */ = {isa = PBXFileReference; fileEncoding = 4; lastKnownFileType = sourcecode.c.h; path = EMChatManagerGroupDelegate.h; sourceTree = "<group>"; };
		89CA10D719AF861500E00AA5 /* EMChatManagerLoginDelegate.h */ = {isa = PBXFileReference; fileEncoding = 4; lastKnownFileType = sourcecode.c.h; path = EMChatManagerLoginDelegate.h; sourceTree = "<group>"; };
		89CA10D819AF861500E00AA5 /* EMChatManagerMediaDelegate.h */ = {isa = PBXFileReference; fileEncoding = 4; lastKnownFileType = sourcecode.c.h; path = EMChatManagerMediaDelegate.h; sourceTree = "<group>"; };
		89CA10D919AF861500E00AA5 /* EMChatManagerPushNotificationDelegate.h */ = {isa = PBXFileReference; fileEncoding = 4; lastKnownFileType = sourcecode.c.h; path = EMChatManagerPushNotificationDelegate.h; sourceTree = "<group>"; };
		89CA10DA19AF861500E00AA5 /* EMChatManagerUtilDelegate.h */ = {isa = PBXFileReference; fileEncoding = 4; lastKnownFileType = sourcecode.c.h; path = EMChatManagerUtilDelegate.h; sourceTree = "<group>"; };
		89CA10DB19AF861500E00AA5 /* IChatManager.h */ = {isa = PBXFileReference; fileEncoding = 4; lastKnownFileType = sourcecode.c.h; path = IChatManager.h; sourceTree = "<group>"; };
		89CA10DD19AF861500E00AA5 /* IChatManagerBase.h */ = {isa = PBXFileReference; fileEncoding = 4; lastKnownFileType = sourcecode.c.h; path = IChatManagerBase.h; sourceTree = "<group>"; };
		89CA10DE19AF861500E00AA5 /* IChatManagerBuddy.h */ = {isa = PBXFileReference; fileEncoding = 4; lastKnownFileType = sourcecode.c.h; path = IChatManagerBuddy.h; sourceTree = "<group>"; };
		89CA10DF19AF861500E00AA5 /* IChatManagerChat.h */ = {isa = PBXFileReference; fileEncoding = 4; lastKnownFileType = sourcecode.c.h; path = IChatManagerChat.h; sourceTree = "<group>"; };
		89CA10E019AF861500E00AA5 /* IChatManagerConversation.h */ = {isa = PBXFileReference; fileEncoding = 4; lastKnownFileType = sourcecode.c.h; path = IChatManagerConversation.h; sourceTree = "<group>"; };
		89CA10E119AF861500E00AA5 /* IChatManagerEncryption.h */ = {isa = PBXFileReference; fileEncoding = 4; lastKnownFileType = sourcecode.c.h; path = IChatManagerEncryption.h; sourceTree = "<group>"; };
		89CA10E219AF861500E00AA5 /* IChatManagerGroup.h */ = {isa = PBXFileReference; fileEncoding = 4; lastKnownFileType = sourcecode.c.h; path = IChatManagerGroup.h; sourceTree = "<group>"; };
		89CA10E319AF861500E00AA5 /* IChatManagerLogin.h */ = {isa = PBXFileReference; fileEncoding = 4; lastKnownFileType = sourcecode.c.h; path = IChatManagerLogin.h; sourceTree = "<group>"; };
		89CA10E419AF861500E00AA5 /* IChatManagerMedia.h */ = {isa = PBXFileReference; fileEncoding = 4; lastKnownFileType = sourcecode.c.h; path = IChatManagerMedia.h; sourceTree = "<group>"; };
		89CA10E519AF861500E00AA5 /* IChatManagerPushNotification.h */ = {isa = PBXFileReference; fileEncoding = 4; lastKnownFileType = sourcecode.c.h; path = IChatManagerPushNotification.h; sourceTree = "<group>"; };
		89CA10E619AF861500E00AA5 /* IChatManagerSettingOptions.h */ = {isa = PBXFileReference; fileEncoding = 4; lastKnownFileType = sourcecode.c.h; path = IChatManagerSettingOptions.h; sourceTree = "<group>"; };
		89CA10E719AF861500E00AA5 /* IChatManagerUtil.h */ = {isa = PBXFileReference; fileEncoding = 4; lastKnownFileType = sourcecode.c.h; path = IChatManagerUtil.h; sourceTree = "<group>"; };
		89CA10E919AF861500E00AA5 /* EMBuddy.h */ = {isa = PBXFileReference; fileEncoding = 4; lastKnownFileType = sourcecode.c.h; path = EMBuddy.h; sourceTree = "<group>"; };
		89CA10EA19AF861500E00AA5 /* EMBuddyGroup.h */ = {isa = PBXFileReference; fileEncoding = 4; lastKnownFileType = sourcecode.c.h; path = EMBuddyGroup.h; sourceTree = "<group>"; };
		89CA10EB19AF861500E00AA5 /* EMChatFile.h */ = {isa = PBXFileReference; fileEncoding = 4; lastKnownFileType = sourcecode.c.h; path = EMChatFile.h; sourceTree = "<group>"; };
		89CA10EC19AF861500E00AA5 /* EMChatImage.h */ = {isa = PBXFileReference; fileEncoding = 4; lastKnownFileType = sourcecode.c.h; path = EMChatImage.h; sourceTree = "<group>"; };
		89CA10ED19AF861500E00AA5 /* EMChatLocation.h */ = {isa = PBXFileReference; fileEncoding = 4; lastKnownFileType = sourcecode.c.h; path = EMChatLocation.h; sourceTree = "<group>"; };
		89CA10EE19AF861500E00AA5 /* EMChatServiceDefs.h */ = {isa = PBXFileReference; fileEncoding = 4; lastKnownFileType = sourcecode.c.h; path = EMChatServiceDefs.h; sourceTree = "<group>"; };
		89CA10EF19AF861500E00AA5 /* EMChatText.h */ = {isa = PBXFileReference; fileEncoding = 4; lastKnownFileType = sourcecode.c.h; path = EMChatText.h; sourceTree = "<group>"; };
		89CA10F019AF861500E00AA5 /* EMChatVideo.h */ = {isa = PBXFileReference; fileEncoding = 4; lastKnownFileType = sourcecode.c.h; path = EMChatVideo.h; sourceTree = "<group>"; };
		89CA10F119AF861500E00AA5 /* EMChatVoice.h */ = {isa = PBXFileReference; fileEncoding = 4; lastKnownFileType = sourcecode.c.h; path = EMChatVoice.h; sourceTree = "<group>"; };
		89CA10F219AF861500E00AA5 /* EMConversation.h */ = {isa = PBXFileReference; fileEncoding = 4; lastKnownFileType = sourcecode.c.h; path = EMConversation.h; sourceTree = "<group>"; };
		89CA10F319AF861500E00AA5 /* EMFileMessageBody.h */ = {isa = PBXFileReference; fileEncoding = 4; lastKnownFileType = sourcecode.c.h; path = EMFileMessageBody.h; sourceTree = "<group>"; };
		89CA10F419AF861500E00AA5 /* EMGroup.h */ = {isa = PBXFileReference; fileEncoding = 4; lastKnownFileType = sourcecode.c.h; path = EMGroup.h; sourceTree = "<group>"; };
		89CA10F519AF861500E00AA5 /* EMGroupStyleSetting.h */ = {isa = PBXFileReference; fileEncoding = 4; lastKnownFileType = sourcecode.c.h; path = EMGroupStyleSetting.h; sourceTree = "<group>"; };
		89CA10F619AF861500E00AA5 /* EMImageMessageBody.h */ = {isa = PBXFileReference; fileEncoding = 4; lastKnownFileType = sourcecode.c.h; path = EMImageMessageBody.h; sourceTree = "<group>"; };
		89CA10F719AF861500E00AA5 /* EMLocationMessageBody.h */ = {isa = PBXFileReference; fileEncoding = 4; lastKnownFileType = sourcecode.c.h; path = EMLocationMessageBody.h; sourceTree = "<group>"; };
		89CA10F819AF861500E00AA5 /* EMMessage.h */ = {isa = PBXFileReference; fileEncoding = 4; lastKnownFileType = sourcecode.c.h; path = EMMessage.h; sourceTree = "<group>"; };
		89CA10F919AF861500E00AA5 /* EMPushNotificationOptions.h */ = {isa = PBXFileReference; fileEncoding = 4; lastKnownFileType = sourcecode.c.h; path = EMPushNotificationOptions.h; sourceTree = "<group>"; };
		89CA10FA19AF861500E00AA5 /* EMReceiptBase.h */ = {isa = PBXFileReference; fileEncoding = 4; lastKnownFileType = sourcecode.c.h; path = EMReceiptBase.h; sourceTree = "<group>"; };
		89CA10FB19AF861500E00AA5 /* EMReceiptReq.h */ = {isa = PBXFileReference; fileEncoding = 4; lastKnownFileType = sourcecode.c.h; path = EMReceiptReq.h; sourceTree = "<group>"; };
		89CA10FC19AF861500E00AA5 /* EMReceiptResp.h */ = {isa = PBXFileReference; fileEncoding = 4; lastKnownFileType = sourcecode.c.h; path = EMReceiptResp.h; sourceTree = "<group>"; };
		89CA10FD19AF861500E00AA5 /* EMTextMessageBody.h */ = {isa = PBXFileReference; fileEncoding = 4; lastKnownFileType = sourcecode.c.h; path = EMTextMessageBody.h; sourceTree = "<group>"; };
		89CA10FE19AF861500E00AA5 /* EMVideoMessageBody.h */ = {isa = PBXFileReference; fileEncoding = 4; lastKnownFileType = sourcecode.c.h; path = EMVideoMessageBody.h; sourceTree = "<group>"; };
		89CA10FF19AF861500E00AA5 /* EMVoiceMessageBody.h */ = {isa = PBXFileReference; fileEncoding = 4; lastKnownFileType = sourcecode.c.h; path = EMVoiceMessageBody.h; sourceTree = "<group>"; };
		89CA110019AF861500E00AA5 /* IChatImageOptions.h */ = {isa = PBXFileReference; fileEncoding = 4; lastKnownFileType = sourcecode.c.h; path = IChatImageOptions.h; sourceTree = "<group>"; };
		89CA110119AF861500E00AA5 /* IEMChatCryptor.h */ = {isa = PBXFileReference; fileEncoding = 4; lastKnownFileType = sourcecode.c.h; path = IEMChatCryptor.h; sourceTree = "<group>"; };
		89CA110219AF861500E00AA5 /* IEMChatFile.h */ = {isa = PBXFileReference; fileEncoding = 4; lastKnownFileType = sourcecode.c.h; path = IEMChatFile.h; sourceTree = "<group>"; };
		89CA110319AF861500E00AA5 /* IEMChatObject.h */ = {isa = PBXFileReference; fileEncoding = 4; lastKnownFileType = sourcecode.c.h; path = IEMChatObject.h; sourceTree = "<group>"; };
		89CA110419AF861500E00AA5 /* IEMChatProgressDelegate.h */ = {isa = PBXFileReference; fileEncoding = 4; lastKnownFileType = sourcecode.c.h; path = IEMChatProgressDelegate.h; sourceTree = "<group>"; };
		89CA110519AF861500E00AA5 /* IEMFileMessageBody.h */ = {isa = PBXFileReference; fileEncoding = 4; lastKnownFileType = sourcecode.c.h; path = IEMFileMessageBody.h; sourceTree = "<group>"; };
		89CA110619AF861500E00AA5 /* IEMMessageBody.h */ = {isa = PBXFileReference; fileEncoding = 4; lastKnownFileType = sourcecode.c.h; path = IEMMessageBody.h; sourceTree = "<group>"; };
		89CA110819AF861500E00AA5 /* EaseMob.h */ = {isa = PBXFileReference; fileEncoding = 4; lastKnownFileType = sourcecode.c.h; path = EaseMob.h; sourceTree = "<group>"; };
		89CA110919AF861500E00AA5 /* EaseMobHeaders.h */ = {isa = PBXFileReference; fileEncoding = 4; lastKnownFileType = sourcecode.c.h; path = EaseMobHeaders.h; sourceTree = "<group>"; };
		89CA110B19AF861500E00AA5 /* commonDefs.h */ = {isa = PBXFileReference; fileEncoding = 4; lastKnownFileType = sourcecode.c.h; path = commonDefs.h; sourceTree = "<group>"; };
		89CA110E19AF861500E00AA5 /* IDeviceManagerDelegate.h */ = {isa = PBXFileReference; fileEncoding = 4; lastKnownFileType = sourcecode.c.h; path = IDeviceManagerDelegate.h; sourceTree = "<group>"; };
		89CA111019AF861500E00AA5 /* EMDeviceManagerDelegate.h */ = {isa = PBXFileReference; fileEncoding = 4; lastKnownFileType = sourcecode.c.h; path = EMDeviceManagerDelegate.h; sourceTree = "<group>"; };
		89CA111119AF861500E00AA5 /* EMDeviceManagerDelegateBase.h */ = {isa = PBXFileReference; fileEncoding = 4; lastKnownFileType = sourcecode.c.h; path = EMDeviceManagerDelegateBase.h; sourceTree = "<group>"; };
		89CA111219AF861500E00AA5 /* EMDeviceManagerLocationDelegate.h */ = {isa = PBXFileReference; fileEncoding = 4; lastKnownFileType = sourcecode.c.h; path = EMDeviceManagerLocationDelegate.h; sourceTree = "<group>"; };
		89CA111319AF861500E00AA5 /* EMDeviceManagerMediaDelegate.h */ = {isa = PBXFileReference; fileEncoding = 4; lastKnownFileType = sourcecode.c.h; path = EMDeviceManagerMediaDelegate.h; sourceTree = "<group>"; };
		89CA111419AF861500E00AA5 /* EMDeviceManagerNetworkDelegate.h */ = {isa = PBXFileReference; fileEncoding = 4; lastKnownFileType = sourcecode.c.h; path = EMDeviceManagerNetworkDelegate.h; sourceTree = "<group>"; };
		89CA111519AF861500E00AA5 /* EMDeviceManagerProximitySensorDelegate.h */ = {isa = PBXFileReference; fileEncoding = 4; lastKnownFileType = sourcecode.c.h; path = EMDeviceManagerProximitySensorDelegate.h; sourceTree = "<group>"; };
		89CA111619AF861500E00AA5 /* EMDeviceManagerDefs.h */ = {isa = PBXFileReference; fileEncoding = 4; lastKnownFileType = sourcecode.c.h; path = EMDeviceManagerDefs.h; sourceTree = "<group>"; };
		89CA111719AF861500E00AA5 /* IDeviceManager.h */ = {isa = PBXFileReference; fileEncoding = 4; lastKnownFileType = sourcecode.c.h; path = IDeviceManager.h; sourceTree = "<group>"; };
		89CA111919AF861500E00AA5 /* IDeviceManagerBase.h */ = {isa = PBXFileReference; fileEncoding = 4; lastKnownFileType = sourcecode.c.h; path = IDeviceManagerBase.h; sourceTree = "<group>"; };
		89CA111A19AF861500E00AA5 /* IDeviceManagerCamera.h */ = {isa = PBXFileReference; fileEncoding = 4; lastKnownFileType = sourcecode.c.h; path = IDeviceManagerCamera.h; sourceTree = "<group>"; };
		89CA111B19AF861500E00AA5 /* IDeviceManagerDevice.h */ = {isa = PBXFileReference; fileEncoding = 4; lastKnownFileType = sourcecode.c.h; path = IDeviceManagerDevice.h; sourceTree = "<group>"; };
		89CA111C19AF861500E00AA5 /* IDeviceManagerLocation.h */ = {isa = PBXFileReference; fileEncoding = 4; lastKnownFileType = sourcecode.c.h; path = IDeviceManagerLocation.h; sourceTree = "<group>"; };
		89CA111D19AF861500E00AA5 /* IDeviceManagerMedia.h */ = {isa = PBXFileReference; fileEncoding = 4; lastKnownFileType = sourcecode.c.h; path = IDeviceManagerMedia.h; sourceTree = "<group>"; };
		89CA111E19AF861500E00AA5 /* IDeviceManagerProximitySensor.h */ = {isa = PBXFileReference; fileEncoding = 4; lastKnownFileType = sourcecode.c.h; path = IDeviceManagerProximitySensor.h; sourceTree = "<group>"; };
		89CA111F19AF861500E00AA5 /* EMNetworkMonitorDefs.h */ = {isa = PBXFileReference; fileEncoding = 4; lastKnownFileType = sourcecode.c.h; path = EMNetworkMonitorDefs.h; sourceTree = "<group>"; };
		89CA112119AF861500E00AA5 /* EMError.h */ = {isa = PBXFileReference; fileEncoding = 4; lastKnownFileType = sourcecode.c.h; path = EMError.h; sourceTree = "<group>"; };
		89CA112219AF861500E00AA5 /* EMErrorDefs.h */ = {isa = PBXFileReference; fileEncoding = 4; lastKnownFileType = sourcecode.c.h; path = EMErrorDefs.h; sourceTree = "<group>"; };
		89CA112419AF861500E00AA5 /* libEaseMobClientSDKLite.a */ = {isa = PBXFileReference; lastKnownFileType = archive.ar; path = libEaseMobClientSDKLite.a; sourceTree = "<group>"; };
		89CA112619AF861500E00AA5 /* EaseMob.bundle */ = {isa = PBXFileReference; lastKnownFileType = "wrapper.plug-in"; path = EaseMob.bundle; sourceTree = "<group>"; };
		89CA112919AF862900E00AA5 /* libresolv.dylib */ = {isa = PBXFileReference; lastKnownFileType = "compiled.mach-o.dylib"; name = libresolv.dylib; path = usr/lib/libresolv.dylib; sourceTree = SDKROOT; };
		89CA112B19AF863000E00AA5 /* libxml2.dylib */ = {isa = PBXFileReference; lastKnownFileType = "compiled.mach-o.dylib"; name = libxml2.dylib; path = usr/lib/libxml2.dylib; sourceTree = SDKROOT; };
		89CA112D19AF864300E00AA5 /* libz.dylib */ = {isa = PBXFileReference; lastKnownFileType = "compiled.mach-o.dylib"; name = libz.dylib; path = usr/lib/libz.dylib; sourceTree = SDKROOT; };
		89CA112F19AF864A00E00AA5 /* libstdc++.dylib */ = {isa = PBXFileReference; lastKnownFileType = "compiled.mach-o.dylib"; name = "libstdc++.dylib"; path = "usr/lib/libstdc++.dylib"; sourceTree = SDKROOT; };
		89CA113119AF866600E00AA5 /* libiconv.dylib */ = {isa = PBXFileReference; lastKnownFileType = "compiled.mach-o.dylib"; name = libiconv.dylib; path = usr/lib/libiconv.dylib; sourceTree = SDKROOT; };
		89CA113319AF866D00E00AA5 /* CoreData.framework */ = {isa = PBXFileReference; lastKnownFileType = wrapper.framework; name = CoreData.framework; path = System/Library/Frameworks/CoreData.framework; sourceTree = SDKROOT; };
		89CA113519AF867C00E00AA5 /* CFNetwork.framework */ = {isa = PBXFileReference; lastKnownFileType = wrapper.framework; name = CFNetwork.framework; path = System/Library/Frameworks/CFNetwork.framework; sourceTree = SDKROOT; };
		89FBF92519B3641E00B78082 /* en */ = {isa = PBXFileReference; lastKnownFileType = text.plist.strings; name = en; path = en.lproj/UMSocialLocalizable.strings; sourceTree = "<group>"; };
		89FBF92719B3641E00B78082 /* UMSocial.h */ = {isa = PBXFileReference; fileEncoding = 4; lastKnownFileType = sourcecode.c.h; path = UMSocial.h; sourceTree = "<group>"; };
		89FBF92819B3641E00B78082 /* UMSocialAccountManager.h */ = {isa = PBXFileReference; fileEncoding = 4; lastKnownFileType = sourcecode.c.h; path = UMSocialAccountManager.h; sourceTree = "<group>"; };
		89FBF92919B3641E00B78082 /* UMSocialBar.h */ = {isa = PBXFileReference; fileEncoding = 4; lastKnownFileType = sourcecode.c.h; path = UMSocialBar.h; sourceTree = "<group>"; };
		89FBF92A19B3641E00B78082 /* UMSocialConfig.h */ = {isa = PBXFileReference; fileEncoding = 4; lastKnownFileType = sourcecode.c.h; path = UMSocialConfig.h; sourceTree = "<group>"; };
		89FBF92B19B3641E00B78082 /* UMSocialControllerService.h */ = {isa = PBXFileReference; fileEncoding = 4; lastKnownFileType = sourcecode.c.h; path = UMSocialControllerService.h; sourceTree = "<group>"; };
		89FBF92C19B3641E00B78082 /* UMSocialControllerServiceComment.h */ = {isa = PBXFileReference; fileEncoding = 4; lastKnownFileType = sourcecode.c.h; path = UMSocialControllerServiceComment.h; sourceTree = "<group>"; };
		89FBF92D19B3641E00B78082 /* UMSocialData.h */ = {isa = PBXFileReference; fileEncoding = 4; lastKnownFileType = sourcecode.c.h; path = UMSocialData.h; sourceTree = "<group>"; };
		89FBF92E19B3641E00B78082 /* UMSocialDataService.h */ = {isa = PBXFileReference; fileEncoding = 4; lastKnownFileType = sourcecode.c.h; path = UMSocialDataService.h; sourceTree = "<group>"; };
		89FBF92F19B3641E00B78082 /* UMSocialSnsData.h */ = {isa = PBXFileReference; fileEncoding = 4; lastKnownFileType = sourcecode.c.h; path = UMSocialSnsData.h; sourceTree = "<group>"; };
		89FBF93019B3641E00B78082 /* UMSocialSnsPlatformManager.h */ = {isa = PBXFileReference; fileEncoding = 4; lastKnownFileType = sourcecode.c.h; path = UMSocialSnsPlatformManager.h; sourceTree = "<group>"; };
		89FBF93119B3641E00B78082 /* UMSocialSnsService.h */ = {isa = PBXFileReference; fileEncoding = 4; lastKnownFileType = sourcecode.c.h; path = UMSocialSnsService.h; sourceTree = "<group>"; };
		89FBF93219B3641E00B78082 /* libUMSocial_Sdk_4.1.a */ = {isa = PBXFileReference; lastKnownFileType = archive.ar; path = libUMSocial_Sdk_4.1.a; sourceTree = "<group>"; };
		89FBF93319B3641E00B78082 /* libUMSocial_Sdk_Comment_4.1.a */ = {isa = PBXFileReference; lastKnownFileType = archive.ar; path = libUMSocial_Sdk_Comment_4.1.a; sourceTree = "<group>"; };
		89FBF93519B3641E00B78082 /* UMSCommentDetailController.xib */ = {isa = PBXFileReference; fileEncoding = 4; lastKnownFileType = file.xib; path = UMSCommentDetailController.xib; sourceTree = "<group>"; };
		89FBF93619B3641E00B78082 /* UMSCommentInputController.xib */ = {isa = PBXFileReference; fileEncoding = 4; lastKnownFileType = file.xib; path = UMSCommentInputController.xib; sourceTree = "<group>"; };
		89FBF93719B3641E00B78082 /* UMSCommentInputControlleriPad.xib */ = {isa = PBXFileReference; fileEncoding = 4; lastKnownFileType = file.xib; path = UMSCommentInputControlleriPad.xib; sourceTree = "<group>"; };
		89FBF93819B3641E00B78082 /* UMShareEditViewController.xib */ = {isa = PBXFileReference; fileEncoding = 4; lastKnownFileType = file.xib; path = UMShareEditViewController.xib; sourceTree = "<group>"; };
		89FBF93919B3641E00B78082 /* UMShareEditViewControlleriPad.xib */ = {isa = PBXFileReference; fileEncoding = 4; lastKnownFileType = file.xib; path = UMShareEditViewControlleriPad.xib; sourceTree = "<group>"; };
		89FBF93A19B3641E00B78082 /* UMSLoginViewController.xib */ = {isa = PBXFileReference; fileEncoding = 4; lastKnownFileType = file.xib; path = UMSLoginViewController.xib; sourceTree = "<group>"; };
		89FBF93B19B3641E00B78082 /* UMSnsAccountViewController.xib */ = {isa = PBXFileReference; fileEncoding = 4; lastKnownFileType = file.xib; path = UMSnsAccountViewController.xib; sourceTree = "<group>"; };
		89FBF93C19B3641E00B78082 /* UMSShareListController.xib */ = {isa = PBXFileReference; fileEncoding = 4; lastKnownFileType = file.xib; path = UMSShareListController.xib; sourceTree = "<group>"; };
		89FBF93D19B3641E00B78082 /* UMSocialSDKResourcesNew.bundle */ = {isa = PBXFileReference; lastKnownFileType = "wrapper.plug-in"; path = UMSocialSDKResourcesNew.bundle; sourceTree = "<group>"; };
		89FBF93E19B3641E00B78082 /* zh-Hans */ = {isa = PBXFileReference; lastKnownFileType = text.plist.strings; name = "zh-Hans"; path = "zh-Hans.lproj/UMSocialLocalizable.strings"; sourceTree = "<group>"; };
		89FBF94C19B3642C00B78082 /* Config.h */ = {isa = PBXFileReference; fileEncoding = 4; lastKnownFileType = sourcecode.c.h; path = Config.h; sourceTree = "<group>"; };
		89FBF94D19B3642C00B78082 /* Header.h */ = {isa = PBXFileReference; fileEncoding = 4; lastKnownFileType = sourcecode.c.h; path = Header.h; sourceTree = "<group>"; };
		89FDCAF519AF87B700BFC92C /* MobileCoreServices.framework */ = {isa = PBXFileReference; lastKnownFileType = wrapper.framework; name = MobileCoreServices.framework; path = System/Library/Frameworks/MobileCoreServices.framework; sourceTree = SDKROOT; };
/* End PBXFileReference section */

/* Begin PBXFrameworksBuildPhase section */
		89CA108F19AF851900E00AA5 /* Frameworks */ = {
			isa = PBXFrameworksBuildPhase;
			buildActionMask = 2147483647;
			files = (
				8968AD9519B62FFA0089F67D /* libsqlite3.dylib in Frameworks */,
				8968AD8619B62AFB0089F67D /* libSocialQQ.a in Frameworks */,
				89FDCAF619AF87B700BFC92C /* MobileCoreServices.framework in Frameworks */,
				89FBF94119B3641E00B78082 /* libUMSocial_Sdk_Comment_4.1.a in Frameworks */,
				8968AD8519B62AFB0089F67D /* libSocialSina.a in Frameworks */,
				89FBF94019B3641E00B78082 /* libUMSocial_Sdk_4.1.a in Frameworks */,
				89CA109A19AF851900E00AA5 /* UIKit.framework in Frameworks */,
				8968AD8D19B62AFB0089F67D /* libSocialWechat.a in Frameworks */,
				89CA109819AF851900E00AA5 /* CoreGraphics.framework in Frameworks */,
				8968AD8719B62AFB0089F67D /* TencentOpenAPI.framework in Frameworks */,
				8968AD9319B62E870089F67D /* libMobClickLibrary.a in Frameworks */,
				8968AD8C19B62AFB0089F67D /* libUMSocial_Sdk_Shake_1.0.a in Frameworks */,
				89CA113619AF867C00E00AA5 /* CFNetwork.framework in Frameworks */,
				89CA113419AF866D00E00AA5 /* CoreData.framework in Frameworks */,
				89CA113219AF866600E00AA5 /* libiconv.dylib in Frameworks */,
				89CA112E19AF864300E00AA5 /* libz.dylib in Frameworks */,
				8968AD8E19B62AFB0089F67D /* libWeChatSDK.a in Frameworks */,
				89CA112A19AF862900E00AA5 /* libresolv.dylib in Frameworks */,
				89CA113019AF864A00E00AA5 /* libstdc++.dylib in Frameworks */,
				89CA112C19AF863000E00AA5 /* libxml2.dylib in Frameworks */,
				89CA112719AF861500E00AA5 /* libEaseMobClientSDKLite.a in Frameworks */,
				8968AD8A19B62AFB0089F67D /* libUMSocial_Sdk_ScreenShot_1.0.a in Frameworks */,
				89CA109619AF851900E00AA5 /* Foundation.framework in Frameworks */,
			);
			runOnlyForDeploymentPostprocessing = 0;
		};
		89CA10B019AF851900E00AA5 /* Frameworks */ = {
			isa = PBXFrameworksBuildPhase;
			buildActionMask = 2147483647;
			files = (
				89CA10B519AF851900E00AA5 /* XCTest.framework in Frameworks */,
				89CA10B719AF851900E00AA5 /* UIKit.framework in Frameworks */,
				89CA10B619AF851900E00AA5 /* Foundation.framework in Frameworks */,
			);
			runOnlyForDeploymentPostprocessing = 0;
		};
/* End PBXFrameworksBuildPhase section */

/* Begin PBXGroup section */
		8968AD6E19B62AFB0089F67D /* UMSocial_Sdk_Extra_Frameworks */ = {
			isa = PBXGroup;
			children = (
				8968AD6F19B62AFB0089F67D /* Sina */,
				8968AD7219B62AFB0089F67D /* TencentOpenAPI */,
				8968AD7719B62AFB0089F67D /* UMSocial_ScreenShot_Sdk */,
				8968AD7B19B62AFB0089F67D /* UMSocial_Shake_Sdk */,
				8968AD7F19B62AFB0089F67D /* Wechat */,
			);
			path = UMSocial_Sdk_Extra_Frameworks;
			sourceTree = "<group>";
		};
		8968AD6F19B62AFB0089F67D /* Sina */ = {
			isa = PBXGroup;
			children = (
				8968AD7019B62AFB0089F67D /* libSocialSina.a */,
				8968AD7119B62AFB0089F67D /* UMSocialSinaHandler.h */,
			);
			path = Sina;
			sourceTree = "<group>";
		};
		8968AD7219B62AFB0089F67D /* TencentOpenAPI */ = {
			isa = PBXGroup;
			children = (
				8968AD7319B62AFB0089F67D /* libSocialQQ.a */,
				8968AD7419B62AFB0089F67D /* TencentOpenAPI.framework */,
				8968AD7519B62AFB0089F67D /* TencentOpenApi_IOS_Bundle.bundle */,
				8968AD7619B62AFB0089F67D /* UMSocialQQHandler.h */,
			);
			path = TencentOpenAPI;
			sourceTree = "<group>";
		};
		8968AD7719B62AFB0089F67D /* UMSocial_ScreenShot_Sdk */ = {
			isa = PBXGroup;
			children = (
				8968AD7819B62AFB0089F67D /* ios-social-sdk-shake.html */,
				8968AD7919B62AFB0089F67D /* libUMSocial_Sdk_ScreenShot_1.0.a */,
				8968AD7A19B62AFB0089F67D /* UMSocialScreenShoter.h */,
			);
			path = UMSocial_ScreenShot_Sdk;
			sourceTree = "<group>";
		};
		8968AD7B19B62AFB0089F67D /* UMSocial_Shake_Sdk */ = {
			isa = PBXGroup;
			children = (
				8968AD7C19B62AFB0089F67D /* ios-social-sdk-shake.html */,
				8968AD7D19B62AFB0089F67D /* libUMSocial_Sdk_Shake_1.0.a */,
				8968AD7E19B62AFB0089F67D /* UMSocialShakeService.h */,
			);
			path = UMSocial_Shake_Sdk;
			sourceTree = "<group>";
		};
		8968AD7F19B62AFB0089F67D /* Wechat */ = {
			isa = PBXGroup;
			children = (
				8968AD8019B62AFB0089F67D /* libSocialWechat.a */,
				8968AD8119B62AFB0089F67D /* libWeChatSDK.a */,
				8968AD8219B62AFB0089F67D /* UMSocialWechatHandler.h */,
				8968AD8319B62AFB0089F67D /* WXApi.h */,
				8968AD8419B62AFB0089F67D /* WXApiObject.h */,
			);
			path = Wechat;
			sourceTree = "<group>";
		};
		8968AD8F19B62E870089F67D /* UMAnalytics_Sdk_3.1.2 */ = {
			isa = PBXGroup;
			children = (
				8968AD9019B62E870089F67D /* libMobClickLibrary.a */,
				8968AD9119B62E870089F67D /* MobClick.h */,
				8968AD9219B62E870089F67D /* MobClickSocialAnalytics.h */,
			);
			path = UMAnalytics_Sdk_3.1.2;
			sourceTree = "<group>";
		};
		89CA108919AF851900E00AA5 = {
			isa = PBXGroup;
			children = (
				89CA109B19AF851900E00AA5 /* simpleChat */,
				89CA10BA19AF851900E00AA5 /* simpleChatTests */,
				89CA109419AF851900E00AA5 /* Frameworks */,
				89CA109319AF851900E00AA5 /* Products */,
			);
			sourceTree = "<group>";
		};
		89CA109319AF851900E00AA5 /* Products */ = {
			isa = PBXGroup;
			children = (
				89CA109219AF851900E00AA5 /* simpleChat.app */,
				89CA10B319AF851900E00AA5 /* simpleChatTests.xctest */,
			);
			name = Products;
			sourceTree = "<group>";
		};
		89CA109419AF851900E00AA5 /* Frameworks */ = {
			isa = PBXGroup;
			children = (
				8968AD9419B62FFA0089F67D /* libsqlite3.dylib */,
				89FDCAF519AF87B700BFC92C /* MobileCoreServices.framework */,
				89CA113519AF867C00E00AA5 /* CFNetwork.framework */,
				89CA113319AF866D00E00AA5 /* CoreData.framework */,
				89CA113119AF866600E00AA5 /* libiconv.dylib */,
				89CA112F19AF864A00E00AA5 /* libstdc++.dylib */,
				89CA112D19AF864300E00AA5 /* libz.dylib */,
				89CA112B19AF863000E00AA5 /* libxml2.dylib */,
				89CA112919AF862900E00AA5 /* libresolv.dylib */,
				89CA109519AF851900E00AA5 /* Foundation.framework */,
				89CA109719AF851900E00AA5 /* CoreGraphics.framework */,
				89CA109919AF851900E00AA5 /* UIKit.framework */,
				89CA10B419AF851900E00AA5 /* XCTest.framework */,
			);
			name = Frameworks;
			sourceTree = "<group>";
		};
		89CA109B19AF851900E00AA5 /* simpleChat */ = {
			isa = PBXGroup;
			children = (
				8968AD8F19B62E870089F67D /* UMAnalytics_Sdk_3.1.2 */,
				8968AD6E19B62AFB0089F67D /* UMSocial_Sdk_Extra_Frameworks */,
				89FBF94B19B3642C00B78082 /* config */,
				89FBF92319B3641E00B78082 /* UMSocial_Sdk_4.1 */,
				89CA10CA19AF861500E00AA5 /* EaseMobSDK */,
				89CA10A419AF851900E00AA5 /* G4AppDelegate.h */,
				89CA10A519AF851900E00AA5 /* G4AppDelegate.m */,
				89CA10A719AF851900E00AA5 /* Login.storyboard */,
				89CA10AA19AF851900E00AA5 /* G4ViewController.h */,
				89CA10AB19AF851900E00AA5 /* G4ViewController.m */,
				89CA10AD19AF851900E00AA5 /* Images.xcassets */,
				89CA109C19AF851900E00AA5 /* Supporting Files */,
			);
			path = simpleChat;
			sourceTree = "<group>";
		};
		89CA109C19AF851900E00AA5 /* Supporting Files */ = {
			isa = PBXGroup;
			children = (
				89CA109D19AF851900E00AA5 /* simpleChat-Info.plist */,
				89CA109E19AF851900E00AA5 /* InfoPlist.strings */,
				89CA10A119AF851900E00AA5 /* main.m */,
				89CA10A319AF851900E00AA5 /* simpleChat-Prefix.pch */,
			);
			name = "Supporting Files";
			sourceTree = "<group>";
		};
		89CA10BA19AF851900E00AA5 /* simpleChatTests */ = {
			isa = PBXGroup;
			children = (
				89CA10C019AF851900E00AA5 /* simpleChatTests.m */,
				89CA10BB19AF851900E00AA5 /* Supporting Files */,
			);
			path = simpleChatTests;
			sourceTree = "<group>";
		};
		89CA10BB19AF851900E00AA5 /* Supporting Files */ = {
			isa = PBXGroup;
			children = (
				89CA10BC19AF851900E00AA5 /* simpleChatTests-Info.plist */,
				89CA10BD19AF851900E00AA5 /* InfoPlist.strings */,
			);
			name = "Supporting Files";
			sourceTree = "<group>";
		};
		89CA10CA19AF861500E00AA5 /* EaseMobSDK */ = {
			isa = PBXGroup;
			children = (
				89CA10CB19AF861500E00AA5 /* include */,
				89CA112319AF861500E00AA5 /* lib */,
				89CA112519AF861500E00AA5 /* resources */,
			);
			path = EaseMobSDK;
			sourceTree = "<group>";
		};
		89CA10CB19AF861500E00AA5 /* include */ = {
			isa = PBXGroup;
			children = (
				89CA10CC19AF861500E00AA5 /* ChatService */,
				89CA110719AF861500E00AA5 /* EaseMobClientSDKLite */,
				89CA110A19AF861500E00AA5 /* Utility */,
			);
			path = include;
			sourceTree = "<group>";
		};
		89CA10CC19AF861500E00AA5 /* ChatService */ = {
			isa = PBXGroup;
			children = (
				89CA10CD19AF861500E00AA5 /* EMChatManager */,
			);
			path = ChatService;
			sourceTree = "<group>";
		};
		89CA10CD19AF861500E00AA5 /* EMChatManager */ = {
			isa = PBXGroup;
			children = (
				89CA10CE19AF861500E00AA5 /* delegates */,
				89CA10DB19AF861500E00AA5 /* IChatManager.h */,
				89CA10DC19AF861500E00AA5 /* internal */,
				89CA10E819AF861500E00AA5 /* types */,
			);
			path = EMChatManager;
			sourceTree = "<group>";
		};
		89CA10CE19AF861500E00AA5 /* delegates */ = {
			isa = PBXGroup;
			children = (
				89CA10CF19AF861500E00AA5 /* IChatManagerDelegate.h */,
				89CA10D019AF861500E00AA5 /* internal */,
			);
			path = delegates;
			sourceTree = "<group>";
		};
		89CA10D019AF861500E00AA5 /* internal */ = {
			isa = PBXGroup;
			children = (
				89CA10D119AF861500E00AA5 /* EMChatManagerBuddyDelegate.h */,
				89CA10D219AF861500E00AA5 /* EMChatManagerChatDelegate.h */,
				89CA10D319AF861500E00AA5 /* EMChatManagerDelegate.h */,
				89CA10D419AF861500E00AA5 /* EMChatManagerDelegateBase.h */,
				89CA10D519AF861500E00AA5 /* EMChatManagerEncryptionDelegate.h */,
				89CA10D619AF861500E00AA5 /* EMChatManagerGroupDelegate.h */,
				89CA10D719AF861500E00AA5 /* EMChatManagerLoginDelegate.h */,
				89CA10D819AF861500E00AA5 /* EMChatManagerMediaDelegate.h */,
				89CA10D919AF861500E00AA5 /* EMChatManagerPushNotificationDelegate.h */,
				89CA10DA19AF861500E00AA5 /* EMChatManagerUtilDelegate.h */,
			);
			path = internal;
			sourceTree = "<group>";
		};
		89CA10DC19AF861500E00AA5 /* internal */ = {
			isa = PBXGroup;
			children = (
				89CA10DD19AF861500E00AA5 /* IChatManagerBase.h */,
				89CA10DE19AF861500E00AA5 /* IChatManagerBuddy.h */,
				89CA10DF19AF861500E00AA5 /* IChatManagerChat.h */,
				89CA10E019AF861500E00AA5 /* IChatManagerConversation.h */,
				89CA10E119AF861500E00AA5 /* IChatManagerEncryption.h */,
				89CA10E219AF861500E00AA5 /* IChatManagerGroup.h */,
				89CA10E319AF861500E00AA5 /* IChatManagerLogin.h */,
				89CA10E419AF861500E00AA5 /* IChatManagerMedia.h */,
				89CA10E519AF861500E00AA5 /* IChatManagerPushNotification.h */,
				89CA10E619AF861500E00AA5 /* IChatManagerSettingOptions.h */,
				89CA10E719AF861500E00AA5 /* IChatManagerUtil.h */,
			);
			path = internal;
			sourceTree = "<group>";
		};
		89CA10E819AF861500E00AA5 /* types */ = {
			isa = PBXGroup;
			children = (
				89CA10E919AF861500E00AA5 /* EMBuddy.h */,
				89CA10EA19AF861500E00AA5 /* EMBuddyGroup.h */,
				89CA10EB19AF861500E00AA5 /* EMChatFile.h */,
				89CA10EC19AF861500E00AA5 /* EMChatImage.h */,
				89CA10ED19AF861500E00AA5 /* EMChatLocation.h */,
				89CA10EE19AF861500E00AA5 /* EMChatServiceDefs.h */,
				89CA10EF19AF861500E00AA5 /* EMChatText.h */,
				89CA10F019AF861500E00AA5 /* EMChatVideo.h */,
				89CA10F119AF861500E00AA5 /* EMChatVoice.h */,
				89CA10F219AF861500E00AA5 /* EMConversation.h */,
				89CA10F319AF861500E00AA5 /* EMFileMessageBody.h */,
				89CA10F419AF861500E00AA5 /* EMGroup.h */,
				89CA10F519AF861500E00AA5 /* EMGroupStyleSetting.h */,
				89CA10F619AF861500E00AA5 /* EMImageMessageBody.h */,
				89CA10F719AF861500E00AA5 /* EMLocationMessageBody.h */,
				89CA10F819AF861500E00AA5 /* EMMessage.h */,
				89CA10F919AF861500E00AA5 /* EMPushNotificationOptions.h */,
				89CA10FA19AF861500E00AA5 /* EMReceiptBase.h */,
				89CA10FB19AF861500E00AA5 /* EMReceiptReq.h */,
				89CA10FC19AF861500E00AA5 /* EMReceiptResp.h */,
				89CA10FD19AF861500E00AA5 /* EMTextMessageBody.h */,
				89CA10FE19AF861500E00AA5 /* EMVideoMessageBody.h */,
				89CA10FF19AF861500E00AA5 /* EMVoiceMessageBody.h */,
				89CA110019AF861500E00AA5 /* IChatImageOptions.h */,
				89CA110119AF861500E00AA5 /* IEMChatCryptor.h */,
				89CA110219AF861500E00AA5 /* IEMChatFile.h */,
				89CA110319AF861500E00AA5 /* IEMChatObject.h */,
				89CA110419AF861500E00AA5 /* IEMChatProgressDelegate.h */,
				89CA110519AF861500E00AA5 /* IEMFileMessageBody.h */,
				89CA110619AF861500E00AA5 /* IEMMessageBody.h */,
			);
			path = types;
			sourceTree = "<group>";
		};
		89CA110719AF861500E00AA5 /* EaseMobClientSDKLite */ = {
			isa = PBXGroup;
			children = (
				89CA110819AF861500E00AA5 /* EaseMob.h */,
				89CA110919AF861500E00AA5 /* EaseMobHeaders.h */,
			);
			path = EaseMobClientSDKLite;
			sourceTree = "<group>";
		};
		89CA110A19AF861500E00AA5 /* Utility */ = {
			isa = PBXGroup;
			children = (
				89CA110B19AF861500E00AA5 /* commonDefs.h */,
				89CA110C19AF861500E00AA5 /* EMDeviceManager */,
				89CA111F19AF861500E00AA5 /* EMNetworkMonitorDefs.h */,
				89CA112019AF861500E00AA5 /* ErrorManager */,
			);
			path = Utility;
			sourceTree = "<group>";
		};
		89CA110C19AF861500E00AA5 /* EMDeviceManager */ = {
			isa = PBXGroup;
			children = (
				89CA110D19AF861500E00AA5 /* delegates */,
				89CA111619AF861500E00AA5 /* EMDeviceManagerDefs.h */,
				89CA111719AF861500E00AA5 /* IDeviceManager.h */,
				89CA111819AF861500E00AA5 /* internal */,
			);
			path = EMDeviceManager;
			sourceTree = "<group>";
		};
		89CA110D19AF861500E00AA5 /* delegates */ = {
			isa = PBXGroup;
			children = (
				89CA110E19AF861500E00AA5 /* IDeviceManagerDelegate.h */,
				89CA110F19AF861500E00AA5 /* internal */,
			);
			path = delegates;
			sourceTree = "<group>";
		};
		89CA110F19AF861500E00AA5 /* internal */ = {
			isa = PBXGroup;
			children = (
				89CA111019AF861500E00AA5 /* EMDeviceManagerDelegate.h */,
				89CA111119AF861500E00AA5 /* EMDeviceManagerDelegateBase.h */,
				89CA111219AF861500E00AA5 /* EMDeviceManagerLocationDelegate.h */,
				89CA111319AF861500E00AA5 /* EMDeviceManagerMediaDelegate.h */,
				89CA111419AF861500E00AA5 /* EMDeviceManagerNetworkDelegate.h */,
				89CA111519AF861500E00AA5 /* EMDeviceManagerProximitySensorDelegate.h */,
			);
			path = internal;
			sourceTree = "<group>";
		};
		89CA111819AF861500E00AA5 /* internal */ = {
			isa = PBXGroup;
			children = (
				89CA111919AF861500E00AA5 /* IDeviceManagerBase.h */,
				89CA111A19AF861500E00AA5 /* IDeviceManagerCamera.h */,
				89CA111B19AF861500E00AA5 /* IDeviceManagerDevice.h */,
				89CA111C19AF861500E00AA5 /* IDeviceManagerLocation.h */,
				89CA111D19AF861500E00AA5 /* IDeviceManagerMedia.h */,
				89CA111E19AF861500E00AA5 /* IDeviceManagerProximitySensor.h */,
			);
			path = internal;
			sourceTree = "<group>";
		};
		89CA112019AF861500E00AA5 /* ErrorManager */ = {
			isa = PBXGroup;
			children = (
				89CA112119AF861500E00AA5 /* EMError.h */,
				89CA112219AF861500E00AA5 /* EMErrorDefs.h */,
			);
			path = ErrorManager;
			sourceTree = "<group>";
		};
		89CA112319AF861500E00AA5 /* lib */ = {
			isa = PBXGroup;
			children = (
				89CA112419AF861500E00AA5 /* libEaseMobClientSDKLite.a */,
			);
			path = lib;
			sourceTree = "<group>";
		};
		89CA112519AF861500E00AA5 /* resources */ = {
			isa = PBXGroup;
			children = (
				89CA112619AF861500E00AA5 /* EaseMob.bundle */,
			);
			path = resources;
			sourceTree = "<group>";
		};
		89FBF92319B3641E00B78082 /* UMSocial_Sdk_4.1 */ = {
			isa = PBXGroup;
			children = (
				89FBF92419B3641E00B78082 /* UMSocialLocalizable.strings */,
				89FBF92619B3641E00B78082 /* Header */,
				89FBF93219B3641E00B78082 /* libUMSocial_Sdk_4.1.a */,
				89FBF93319B3641E00B78082 /* libUMSocial_Sdk_Comment_4.1.a */,
				89FBF93419B3641E00B78082 /* SocialSDKXib */,
				89FBF93D19B3641E00B78082 /* UMSocialSDKResourcesNew.bundle */,
			);
			path = UMSocial_Sdk_4.1;
			sourceTree = "<group>";
		};
		89FBF92619B3641E00B78082 /* Header */ = {
			isa = PBXGroup;
			children = (
				89FBF92719B3641E00B78082 /* UMSocial.h */,
				89FBF92819B3641E00B78082 /* UMSocialAccountManager.h */,
				89FBF92919B3641E00B78082 /* UMSocialBar.h */,
				89FBF92A19B3641E00B78082 /* UMSocialConfig.h */,
				89FBF92B19B3641E00B78082 /* UMSocialControllerService.h */,
				89FBF92C19B3641E00B78082 /* UMSocialControllerServiceComment.h */,
				89FBF92D19B3641E00B78082 /* UMSocialData.h */,
				89FBF92E19B3641E00B78082 /* UMSocialDataService.h */,
				89FBF92F19B3641E00B78082 /* UMSocialSnsData.h */,
				89FBF93019B3641E00B78082 /* UMSocialSnsPlatformManager.h */,
				89FBF93119B3641E00B78082 /* UMSocialSnsService.h */,
			);
			path = Header;
			sourceTree = "<group>";
		};
		89FBF93419B3641E00B78082 /* SocialSDKXib */ = {
			isa = PBXGroup;
			children = (
				89FBF93519B3641E00B78082 /* UMSCommentDetailController.xib */,
				89FBF93619B3641E00B78082 /* UMSCommentInputController.xib */,
				89FBF93719B3641E00B78082 /* UMSCommentInputControlleriPad.xib */,
				89FBF93819B3641E00B78082 /* UMShareEditViewController.xib */,
				89FBF93919B3641E00B78082 /* UMShareEditViewControlleriPad.xib */,
				89FBF93A19B3641E00B78082 /* UMSLoginViewController.xib */,
				89FBF93B19B3641E00B78082 /* UMSnsAccountViewController.xib */,
				89FBF93C19B3641E00B78082 /* UMSShareListController.xib */,
			);
			path = SocialSDKXib;
			sourceTree = "<group>";
		};
		89FBF94B19B3642C00B78082 /* config */ = {
			isa = PBXGroup;
			children = (
				89FBF94C19B3642C00B78082 /* Config.h */,
				89FBF94D19B3642C00B78082 /* Header.h */,
			);
			path = config;
			sourceTree = "<group>";
		};
/* End PBXGroup section */

/* Begin PBXNativeTarget section */
		89CA109119AF851900E00AA5 /* simpleChat */ = {
			isa = PBXNativeTarget;
			buildConfigurationList = 89CA10C419AF851900E00AA5 /* Build configuration list for PBXNativeTarget "simpleChat" */;
			buildPhases = (
				89CA108E19AF851900E00AA5 /* Sources */,
				89CA108F19AF851900E00AA5 /* Frameworks */,
				89CA109019AF851900E00AA5 /* Resources */,
			);
			buildRules = (
			);
			dependencies = (
			);
			name = simpleChat;
			productName = simpleChat;
			productReference = 89CA109219AF851900E00AA5 /* simpleChat.app */;
			productType = "com.apple.product-type.application";
		};
		89CA10B219AF851900E00AA5 /* simpleChatTests */ = {
			isa = PBXNativeTarget;
			buildConfigurationList = 89CA10C719AF851900E00AA5 /* Build configuration list for PBXNativeTarget "simpleChatTests" */;
			buildPhases = (
				89CA10AF19AF851900E00AA5 /* Sources */,
				89CA10B019AF851900E00AA5 /* Frameworks */,
				89CA10B119AF851900E00AA5 /* Resources */,
			);
			buildRules = (
			);
			dependencies = (
				89CA10B919AF851900E00AA5 /* PBXTargetDependency */,
			);
			name = simpleChatTests;
			productName = simpleChatTests;
			productReference = 89CA10B319AF851900E00AA5 /* simpleChatTests.xctest */;
			productType = "com.apple.product-type.bundle.unit-test";
		};
/* End PBXNativeTarget section */

/* Begin PBXProject section */
		89CA108A19AF851900E00AA5 /* Project object */ = {
			isa = PBXProject;
			attributes = {
				CLASSPREFIX = G4;
				LastUpgradeCheck = 0510;
				ORGANIZATIONNAME = wangyue;
				TargetAttributes = {
					89CA10B219AF851900E00AA5 = {
						TestTargetID = 89CA109119AF851900E00AA5;
					};
				};
			};
			buildConfigurationList = 89CA108D19AF851900E00AA5 /* Build configuration list for PBXProject "simpleChat" */;
			compatibilityVersion = "Xcode 3.2";
			developmentRegion = English;
			hasScannedForEncodings = 0;
			knownRegions = (
				en,
				Base,
				"zh-Hans",
			);
			mainGroup = 89CA108919AF851900E00AA5;
			productRefGroup = 89CA109319AF851900E00AA5 /* Products */;
			projectDirPath = "";
			projectRoot = "";
			targets = (
				89CA109119AF851900E00AA5 /* simpleChat */,
				89CA10B219AF851900E00AA5 /* simpleChatTests */,
			);
		};
/* End PBXProject section */

/* Begin PBXResourcesBuildPhase section */
		89CA109019AF851900E00AA5 /* Resources */ = {
			isa = PBXResourcesBuildPhase;
			buildActionMask = 2147483647;
			files = (
				89FBF94619B3641E00B78082 /* UMShareEditViewControlleriPad.xib in Resources */,
				89FBF94819B3641E00B78082 /* UMSnsAccountViewController.xib in Resources */,
				89FBF94319B3641E00B78082 /* UMSCommentInputController.xib in Resources */,
				8968AD8819B62AFB0089F67D /* TencentOpenApi_IOS_Bundle.bundle in Resources */,
				89FBF94219B3641E00B78082 /* UMSCommentDetailController.xib in Resources */,
				89CA10AE19AF851900E00AA5 /* Images.xcassets in Resources */,
				89CA10A019AF851900E00AA5 /* InfoPlist.strings in Resources */,
				8968AD8919B62AFB0089F67D /* ios-social-sdk-shake.html in Resources */,
				8968AD8B19B62AFB0089F67D /* ios-social-sdk-shake.html in Resources */,
				89FBF94A19B3641E00B78082 /* UMSocialSDKResourcesNew.bundle in Resources */,
				89FBF94419B3641E00B78082 /* UMSCommentInputControlleriPad.xib in Resources */,
				89FBF94519B3641E00B78082 /* UMShareEditViewController.xib in Resources */,
				89FBF94919B3641E00B78082 /* UMSShareListController.xib in Resources */,
				89FBF93F19B3641E00B78082 /* UMSocialLocalizable.strings in Resources */,
				89CA112819AF861500E00AA5 /* EaseMob.bundle in Resources */,
				89CA10A919AF851900E00AA5 /* Login.storyboard in Resources */,
				89FBF94719B3641E00B78082 /* UMSLoginViewController.xib in Resources */,
			);
			runOnlyForDeploymentPostprocessing = 0;
		};
		89CA10B119AF851900E00AA5 /* Resources */ = {
			isa = PBXResourcesBuildPhase;
			buildActionMask = 2147483647;
			files = (
				89CA10BF19AF851900E00AA5 /* InfoPlist.strings in Resources */,
			);
			runOnlyForDeploymentPostprocessing = 0;
		};
/* End PBXResourcesBuildPhase section */

/* Begin PBXSourcesBuildPhase section */
		89CA108E19AF851900E00AA5 /* Sources */ = {
			isa = PBXSourcesBuildPhase;
			buildActionMask = 2147483647;
			files = (
				89CA10A219AF851900E00AA5 /* main.m in Sources */,
				89CA10A619AF851900E00AA5 /* G4AppDelegate.m in Sources */,
				89CA10AC19AF851900E00AA5 /* G4ViewController.m in Sources */,
			);
			runOnlyForDeploymentPostprocessing = 0;
		};
		89CA10AF19AF851900E00AA5 /* Sources */ = {
			isa = PBXSourcesBuildPhase;
			buildActionMask = 2147483647;
			files = (
				89CA10C119AF851900E00AA5 /* simpleChatTests.m in Sources */,
			);
			runOnlyForDeploymentPostprocessing = 0;
		};
/* End PBXSourcesBuildPhase section */

/* Begin PBXTargetDependency section */
		89CA10B919AF851900E00AA5 /* PBXTargetDependency */ = {
			isa = PBXTargetDependency;
			target = 89CA109119AF851900E00AA5 /* simpleChat */;
			targetProxy = 89CA10B819AF851900E00AA5 /* PBXContainerItemProxy */;
		};
/* End PBXTargetDependency section */

/* Begin PBXVariantGroup section */
		89CA109E19AF851900E00AA5 /* InfoPlist.strings */ = {
			isa = PBXVariantGroup;
			children = (
				89CA109F19AF851900E00AA5 /* en */,
			);
			name = InfoPlist.strings;
			sourceTree = "<group>";
		};
		89CA10A719AF851900E00AA5 /* Login.storyboard */ = {
			isa = PBXVariantGroup;
			children = (
				89CA10A819AF851900E00AA5 /* Base */,
			);
			name = Login.storyboard;
			sourceTree = "<group>";
		};
		89CA10BD19AF851900E00AA5 /* InfoPlist.strings */ = {
			isa = PBXVariantGroup;
			children = (
				89CA10BE19AF851900E00AA5 /* en */,
			);
			name = InfoPlist.strings;
			sourceTree = "<group>";
		};
		89FBF92419B3641E00B78082 /* UMSocialLocalizable.strings */ = {
			isa = PBXVariantGroup;
			children = (
				89FBF92519B3641E00B78082 /* en */,
				89FBF93E19B3641E00B78082 /* zh-Hans */,
			);
			name = UMSocialLocalizable.strings;
			sourceTree = "<group>";
		};
/* End PBXVariantGroup section */

/* Begin XCBuildConfiguration section */
		89CA10C219AF851900E00AA5 /* Debug */ = {
			isa = XCBuildConfiguration;
			buildSettings = {
				ALWAYS_SEARCH_USER_PATHS = NO;
				CLANG_CXX_LANGUAGE_STANDARD = "gnu++0x";
				CLANG_CXX_LIBRARY = "libc++";
				CLANG_ENABLE_MODULES = YES;
				CLANG_ENABLE_OBJC_ARC = YES;
				CLANG_WARN_BOOL_CONVERSION = YES;
				CLANG_WARN_CONSTANT_CONVERSION = YES;
				CLANG_WARN_DIRECT_OBJC_ISA_USAGE = YES_ERROR;
				CLANG_WARN_EMPTY_BODY = YES;
				CLANG_WARN_ENUM_CONVERSION = YES;
				CLANG_WARN_INT_CONVERSION = YES;
				CLANG_WARN_OBJC_ROOT_CLASS = YES_ERROR;
				CLANG_WARN__DUPLICATE_METHOD_MATCH = YES;
				"CODE_SIGN_IDENTITY[sdk=iphoneos*]" = "iPhone Developer";
				COPY_PHASE_STRIP = NO;
				GCC_C_LANGUAGE_STANDARD = gnu99;
				GCC_DYNAMIC_NO_PIC = NO;
				GCC_OPTIMIZATION_LEVEL = 0;
				GCC_PREPROCESSOR_DEFINITIONS = (
					"DEBUG=1",
					"$(inherited)",
				);
				GCC_SYMBOLS_PRIVATE_EXTERN = NO;
				GCC_WARN_64_TO_32_BIT_CONVERSION = YES;
				GCC_WARN_ABOUT_RETURN_TYPE = YES_ERROR;
				GCC_WARN_UNDECLARED_SELECTOR = YES;
				GCC_WARN_UNINITIALIZED_AUTOS = YES_AGGRESSIVE;
				GCC_WARN_UNUSED_FUNCTION = YES;
				GCC_WARN_UNUSED_VARIABLE = YES;
				IPHONEOS_DEPLOYMENT_TARGET = 7.1;
				ONLY_ACTIVE_ARCH = YES;
				SDKROOT = iphoneos;
			};
			name = Debug;
		};
		89CA10C319AF851900E00AA5 /* Release */ = {
			isa = XCBuildConfiguration;
			buildSettings = {
				ALWAYS_SEARCH_USER_PATHS = NO;
				CLANG_CXX_LANGUAGE_STANDARD = "gnu++0x";
				CLANG_CXX_LIBRARY = "libc++";
				CLANG_ENABLE_MODULES = YES;
				CLANG_ENABLE_OBJC_ARC = YES;
				CLANG_WARN_BOOL_CONVERSION = YES;
				CLANG_WARN_CONSTANT_CONVERSION = YES;
				CLANG_WARN_DIRECT_OBJC_ISA_USAGE = YES_ERROR;
				CLANG_WARN_EMPTY_BODY = YES;
				CLANG_WARN_ENUM_CONVERSION = YES;
				CLANG_WARN_INT_CONVERSION = YES;
				CLANG_WARN_OBJC_ROOT_CLASS = YES_ERROR;
				CLANG_WARN__DUPLICATE_METHOD_MATCH = YES;
				"CODE_SIGN_IDENTITY[sdk=iphoneos*]" = "iPhone Developer";
				COPY_PHASE_STRIP = YES;
				ENABLE_NS_ASSERTIONS = NO;
				GCC_C_LANGUAGE_STANDARD = gnu99;
				GCC_WARN_64_TO_32_BIT_CONVERSION = YES;
				GCC_WARN_ABOUT_RETURN_TYPE = YES_ERROR;
				GCC_WARN_UNDECLARED_SELECTOR = YES;
				GCC_WARN_UNINITIALIZED_AUTOS = YES_AGGRESSIVE;
				GCC_WARN_UNUSED_FUNCTION = YES;
				GCC_WARN_UNUSED_VARIABLE = YES;
				IPHONEOS_DEPLOYMENT_TARGET = 7.1;
				SDKROOT = iphoneos;
				VALIDATE_PRODUCT = YES;
			};
			name = Release;
		};
		89CA10C519AF851900E00AA5 /* Debug */ = {
			isa = XCBuildConfiguration;
			buildSettings = {
				ASSETCATALOG_COMPILER_APPICON_NAME = AppIcon;
				ASSETCATALOG_COMPILER_LAUNCHIMAGE_NAME = LaunchImage;
				FRAMEWORK_SEARCH_PATHS = (
					"$(inherited)",
					"$(PROJECT_DIR)/simpleChat/UMSocial_Sdk_Extra_Frameworks/TencentOpenAPI",
				);
				GCC_PRECOMPILE_PREFIX_HEADER = YES;
				GCC_PREFIX_HEADER = "simpleChat/simpleChat-Prefix.pch";
				INFOPLIST_FILE = "simpleChat/simpleChat-Info.plist";
				LIBRARY_SEARCH_PATHS = (
					"$(inherited)",
					"$(PROJECT_DIR)/simpleChat/EaseMobSDK/lib",
					"$(PROJECT_DIR)/simpleChat/UMSocial_Sdk_4.1",
					"$(PROJECT_DIR)/simpleChat/UMSocial_Sdk_Extra_Frameworks/Sina",
					"$(PROJECT_DIR)/simpleChat/UMSocial_Sdk_Extra_Frameworks/TencentOpenAPI",
					"$(PROJECT_DIR)/simpleChat/UMSocial_Sdk_Extra_Frameworks/UMSocial_ScreenShot_Sdk",
					"$(PROJECT_DIR)/simpleChat/UMSocial_Sdk_Extra_Frameworks/UMSocial_Shake_Sdk",
					"$(PROJECT_DIR)/simpleChat/UMSocial_Sdk_Extra_Frameworks/Wechat",
					"$(PROJECT_DIR)/simpleChat/UMAnalytics_Sdk_3.1.2",
				);
				OTHER_LDFLAGS = "-ObjC";
				PRODUCT_NAME = "$(TARGET_NAME)";
				PROVISIONING_PROFILE = "B0946F1F-E887-40A8-9AAC-95F7043B4D11";
				VALID_ARCHS = "armv7 armv7s";
				WRAPPER_EXTENSION = app;
			};
			name = Debug;
		};
		89CA10C619AF851900E00AA5 /* Release */ = {
			isa = XCBuildConfiguration;
			buildSettings = {
				ASSETCATALOG_COMPILER_APPICON_NAME = AppIcon;
				ASSETCATALOG_COMPILER_LAUNCHIMAGE_NAME = LaunchImage;
				FRAMEWORK_SEARCH_PATHS = (
					"$(inherited)",
					"$(PROJECT_DIR)/simpleChat/UMSocial_Sdk_Extra_Frameworks/TencentOpenAPI",
				);
				GCC_PRECOMPILE_PREFIX_HEADER = YES;
				GCC_PREFIX_HEADER = "simpleChat/simpleChat-Prefix.pch";
				INFOPLIST_FILE = "simpleChat/simpleChat-Info.plist";
				LIBRARY_SEARCH_PATHS = (
					"$(inherited)",
					"$(PROJECT_DIR)/simpleChat/EaseMobSDK/lib",
					"$(PROJECT_DIR)/simpleChat/UMSocial_Sdk_4.1",
					"$(PROJECT_DIR)/simpleChat/UMSocial_Sdk_Extra_Frameworks/Sina",
					"$(PROJECT_DIR)/simpleChat/UMSocial_Sdk_Extra_Frameworks/TencentOpenAPI",
					"$(PROJECT_DIR)/simpleChat/UMSocial_Sdk_Extra_Frameworks/UMSocial_ScreenShot_Sdk",
					"$(PROJECT_DIR)/simpleChat/UMSocial_Sdk_Extra_Frameworks/UMSocial_Shake_Sdk",
					"$(PROJECT_DIR)/simpleChat/UMSocial_Sdk_Extra_Frameworks/Wechat",
					"$(PROJECT_DIR)/simpleChat/UMAnalytics_Sdk_3.1.2",
				);
				OTHER_LDFLAGS = "-ObjC";
				PRODUCT_NAME = "$(TARGET_NAME)";
				PROVISIONING_PROFILE = "B0946F1F-E887-40A8-9AAC-95F7043B4D11";
				VALID_ARCHS = "armv7 armv7s";
				WRAPPER_EXTENSION = app;
			};
			name = Release;
		};
		89CA10C819AF851900E00AA5 /* Debug */ = {
			isa = XCBuildConfiguration;
			buildSettings = {
				BUNDLE_LOADER = "$(BUILT_PRODUCTS_DIR)/simpleChat.app/simpleChat";
				FRAMEWORK_SEARCH_PATHS = (
					"$(SDKROOT)/Developer/Library/Frameworks",
					"$(inherited)",
					"$(DEVELOPER_FRAMEWORKS_DIR)",
				);
				GCC_PRECOMPILE_PREFIX_HEADER = YES;
				GCC_PREFIX_HEADER = "simpleChat/simpleChat-Prefix.pch";
				GCC_PREPROCESSOR_DEFINITIONS = (
					"DEBUG=1",
					"$(inherited)",
				);
				INFOPLIST_FILE = "simpleChatTests/simpleChatTests-Info.plist";
				PRODUCT_NAME = "$(TARGET_NAME)";
				TEST_HOST = "$(BUNDLE_LOADER)";
				WRAPPER_EXTENSION = xctest;
			};
			name = Debug;
		};
		89CA10C919AF851900E00AA5 /* Release */ = {
			isa = XCBuildConfiguration;
			buildSettings = {
				BUNDLE_LOADER = "$(BUILT_PRODUCTS_DIR)/simpleChat.app/simpleChat";
				FRAMEWORK_SEARCH_PATHS = (
					"$(SDKROOT)/Developer/Library/Frameworks",
					"$(inherited)",
					"$(DEVELOPER_FRAMEWORKS_DIR)",
				);
				GCC_PRECOMPILE_PREFIX_HEADER = YES;
				GCC_PREFIX_HEADER = "simpleChat/simpleChat-Prefix.pch";
				INFOPLIST_FILE = "simpleChatTests/simpleChatTests-Info.plist";
				PRODUCT_NAME = "$(TARGET_NAME)";
				TEST_HOST = "$(BUNDLE_LOADER)";
				WRAPPER_EXTENSION = xctest;
			};
			name = Release;
		};
/* End XCBuildConfiguration section */

/* Begin XCConfigurationList section */
		89CA108D19AF851900E00AA5 /* Build configuration list for PBXProject "simpleChat" */ = {
			isa = XCConfigurationList;
			buildConfigurations = (
				89CA10C219AF851900E00AA5 /* Debug */,
				89CA10C319AF851900E00AA5 /* Release */,
			);
			defaultConfigurationIsVisible = 0;
			defaultConfigurationName = Release;
		};
		89CA10C419AF851900E00AA5 /* Build configuration list for PBXNativeTarget "simpleChat" */ = {
			isa = XCConfigurationList;
			buildConfigurations = (
				89CA10C519AF851900E00AA5 /* Debug */,
				89CA10C619AF851900E00AA5 /* Release */,
			);
			defaultConfigurationIsVisible = 0;
			defaultConfigurationName = Release;
		};
		89CA10C719AF851900E00AA5 /* Build configuration list for PBXNativeTarget "simpleChatTests" */ = {
			isa = XCConfigurationList;
			buildConfigurations = (
				89CA10C819AF851900E00AA5 /* Debug */,
				89CA10C919AF851900E00AA5 /* Release */,
			);
			defaultConfigurationIsVisible = 0;
			defaultConfigurationName = Release;
		};
/* End XCConfigurationList section */
	};
	rootObject = 89CA108A19AF851900E00AA5 /* Project object */;
}
